
Microsoft Visual Studio Solution File, Format Version 12.00
# Visual Studio Version 17
VisualStudioVersion = 17.12.35527.113
MinimumVisualStudioVersion = 10.0.40219.1
Project("{FAE04EC0-301F-11D3-BF4B-00C04F79EFBC}") = "PruebaAutenticador2", "PruebaAutenticador2\PruebaAutenticador2.csproj", "{9445F9FE-3114-44EE-BECE-BBC262E5F798}"
EndProject
Global
	GlobalSection(SolutionConfigurationPlatforms) = preSolution
		Debug|Any CPU = Debug|Any CPU
		Release|Any CPU = Release|Any CPU
	EndGlobalSection
	GlobalSection(ProjectConfigurationPlatforms) = postSolution
		{9445F9FE-3114-44EE-BECE-BBC262E5F798}.Debug|Any CPU.ActiveCfg = Debug|Any CPU
		{9445F9FE-3114-44EE-BECE-BBC262E5F798}.Debug|Any CPU.Build.0 = Debug|Any CPU
		{9445F9FE-3114-44EE-BECE-BBC262E5F798}.Release|Any CPU.ActiveCfg = Release|Any CPU
		{9445F9FE-3114-44EE-BECE-BBC262E5F798}.Release|Any CPU.Build.0 = Release|Any CPU
	EndGlobalSection
	GlobalSection(SolutionProperties) = preSolution
		HideSolutionNode = FALSE
	EndGlobalSection
	GlobalSection(ExtensibilityGlobals) = postSolution
		SolutionGuid = {A692F179-093B-4417-8ED8-4375587E04FF}
	EndGlobalSection
EndGlobal
